Microsoft Visual Studio Solution File, Format Version 12.00
# Visual Studio 14
VisualStudioVersion = 14.0.23107.0
MinimumVisualStudioVersion = 10.0.40219.1
Project("{8BC9CEB8-8B4A-11D0-8D11-00A0C91BC942}") = "ToolChain_StandalonePlugin", "ToolChain_StandalonePlugin.vcxproj", "{2FDC76D4-58A7-57A5-9DC5-00858BE4E45E}"
	ProjectSection(ProjectDependencies) = postProject
		{935061A6-9104-290E-C14D-EE4571EAD9EB} = {935061A6-9104-290E-C14D-EE4571EAD9EB}
	EndProjectSection
EndProject
Project("{8BC9CEB8-8B4A-11D0-8D11-00A0C91BC942}") = "ToolChain - VST", "ToolChain_VST.vcxproj", "{7A3015B3-BFDC-158C-9C8E-82E6BE550FCA}"
	ProjectSection(ProjectDependencies) = postProject
		{935061A6-9104-290E-C14D-EE4571EAD9EB} = {935061A6-9104-290E-C14D-EE4571EAD9EB}
	EndProjectSection
EndProject
Project("{8BC9CEB8-8B4A-11D0-8D11-00A0C91BC942}") = "ToolChain_SharedCode", "ToolChain_SharedCode.vcxproj", "{935061A6-9104-290E-C14D-EE4571EAD9EB}"
EndProject
Global
	GlobalSection(SolutionConfigurationPlatforms) = preSolution
		Debug Win32|Win32 = Debug Win32|Win32
		Debug Win32|x64 = Debug Win32|x64
		Debug|Win32 = Debug|Win32
		Debug|x64 = Debug|x64
		Release|Win32 = Release|Win32
		Release|x64 = Release|x64
	EndGlobalSection
	GlobalSection(ProjectConfigurationPlatforms) = postSolution
		{2FDC76D4-58A7-57A5-9DC5-00858BE4E45E}.Debug Win32|Win32.ActiveCfg = Debug Win32|Win32
		{2FDC76D4-58A7-57A5-9DC5-00858BE4E45E}.Debug Win32|Win32.Build.0 = Debug Win32|Win32
		{2FDC76D4-58A7-57A5-9DC5-00858BE4E45E}.Debug Win32|x64.ActiveCfg = Debug Win32|Win32
		{2FDC76D4-58A7-57A5-9DC5-00858BE4E45E}.Debug|Win32.ActiveCfg = Debug|x64
		{2FDC76D4-58A7-57A5-9DC5-00858BE4E45E}.Debug|x64.ActiveCfg = Debug|x64
		{2FDC76D4-58A7-57A5-9DC5-00858BE4E45E}.Debug|x64.Build.0 = Debug|x64
		{2FDC76D4-58A7-57A5-9DC5-00858BE4E45E}.Release|Win32.ActiveCfg = Release|x64
		{2FDC76D4-58A7-57A5-9DC5-00858BE4E45E}.Release|x64.ActiveCfg = Release|x64
		{2FDC76D4-58A7-57A5-9DC5-00858BE4E45E}.Release|x64.Build.0 = Release|x64
		{7A3015B3-BFDC-158C-9C8E-82E6BE550FCA}.Debug Win32|Win32.ActiveCfg = Debug Win32|Win32
		{7A3015B3-BFDC-158C-9C8E-82E6BE550FCA}.Debug Win32|Win32.Build.0 = Debug Win32|Win32
		{7A3015B3-BFDC-158C-9C8E-82E6BE550FCA}.Debug Win32|x64.ActiveCfg = Debug Win32|Win32
		{7A3015B3-BFDC-158C-9C8E-82E6BE550FCA}.Debug|Win32.ActiveCfg = Debug|x64
		{7A3015B3-BFDC-158C-9C8E-82E6BE550FCA}.Debug|x64.ActiveCfg = Debug|x64
		{7A3015B3-BFDC-158C-9C8E-82E6BE550FCA}.Debug|x64.Build.0 = Debug|x64
		{7A3015B3-BFDC-158C-9C8E-82E6BE550FCA}.Release|Win32.ActiveCfg = Release|x64
		{7A3015B3-BFDC-158C-9C8E-82E6BE550FCA}.Release|x64.ActiveCfg = Release|x64
		{7A3015B3-BFDC-158C-9C8E-82E6BE550FCA}.Release|x64.Build.0 = Release|x64
		{935061A6-9104-290E-C14D-EE4571EAD9EB}.Debug Win32|Win32.ActiveCfg = Debug Win32|Win32
		{935061A6-9104-290E-C14D-EE4571EAD9EB}.Debug Win32|Win32.Build.0 = Debug Win32|Win32
		{935061A6-9104-290E-C14D-EE4571EAD9EB}.Debug Win32|x64.ActiveCfg = Debug Win32|Win32
		{935061A6-9104-290E-C14D-EE4571EAD9EB}.Debug|Win32.ActiveCfg = Debug|x64
		{935061A6-9104-290E-C14D-EE4571EAD9EB}.Debug|x64.ActiveCfg = Debug|x64
		{935061A6-9104-290E-C14D-EE4571EAD9EB}.Debug|x64.Build.0 = Debug|x64
		{935061A6-9104-290E-C14D-EE4571EAD9EB}.Release|Win32.ActiveCfg = Release|x64
		{935061A6-9104-290E-C14D-EE4571EAD9EB}.Release|x64.ActiveCfg = Release|x64
		{935061A6-9104-290E-C14D-EE4571EAD9EB}.Release|x64.Build.0 = Release|x64
	EndGlobalSection
	GlobalSection(SolutionProperties) = preSolution
		HideSolutionNode = FALSE
	EndGlobalSection
EndGlobal
