// !$*UTF8*$!
{
	archiveVersion = 1;
	classes = {
	};
	objectVersion = 46;
	objects = {

/* Begin PBXBuildFile section */
		05D163E2C7772901DB2D722B /* ../../JuceLibraryCode/include_rosic.cpp */ = {isa = PBXBuildFile; fileRef = E165006DE5C94258A575482A; };
		10149D95B6BD77F0CBF8AF09 /* ../../JuceLibraryCode/include_juce_audio_formats.mm */ = {isa = PBXBuildFile; fileRef = D4E1BF4A07EF30EF16D0104A; };
		178226FD8A044B5B67D5DFC9 /* System/Library/Frameworks/AVKit.framework */ = {isa = PBXBuildFile; fileRef = E340249C5CCA7FCEC5F8C03A; };
		1B76BC5C6BA77167E40B28E7 /* ../../Source/Tests/jura_processors/UnitTestsToolChain.cpp */ = {isa = PBXBuildFile; fileRef = C054D4912E278EF5781D1075; };
		21AF25FE4233BAC8D7E3FEFB /* System/Library/Frameworks/OpenGL.framework */ = {isa = PBXBuildFile; fileRef = 8B18B1A37C59B9DC3BCE1640; };
		2572A2972B136428D5D8FC58 /* ../../JuceLibraryCode/include_juce_audio_basics.mm */ = {isa = PBXBuildFile; fileRef = EC11A37B81532D9E4174AD83; };
		2817BBBB8BE954C23555BE1C /* ../../JuceLibraryCode/include_rapt.cpp */ = {isa = PBXBuildFile; fileRef = 19E3FE7914F4E0FDA2F675BD; };
		290FE3C48447C7A7B76B489E /* ../../JuceLibraryCode/include_juce_gui_extra.mm */ = {isa = PBXBuildFile; fileRef = E78C68BA4C1B0DFC207B3F9C; };
		2EDBEE40608179BAD566310E /* System/Library/Frameworks/CoreMIDI.framework */ = {isa = PBXBuildFile; fileRef = 95416D4EACB77A340FB8BFB9; };
		34AFE236D4026C49F8A1C791 /* ../../Source/Tests/jura_framework/UnitTestsModulation.cpp */ = {isa = PBXBuildFile; fileRef = AC2111A554DD26BDB64A63E5; };
		37399C074D8C302C99A01668 /* System/Library/Frameworks/CoreMedia.framework */ = {isa = PBXBuildFile; fileRef = 43158C049DC796E6264FC173; };
		3F1B73EBFF57234D61640C22 /* ../../Source/Tests/UnitTestsView.cpp */ = {isa = PBXBuildFile; fileRef = 41E5C027D5EA63BDF5916BB3; };
		44810EE21C9BD652CCC4E676 /* System/Library/Frameworks/Cocoa.framework */ = {isa = PBXBuildFile; fileRef = 8C484F745DB009A1A366E360; };
		47E32C6EC8568E2B43321D43 /* System/Library/Frameworks/AudioToolbox.framework */ = {isa = PBXBuildFile; fileRef = 41E973585E20C1B49D2D24BF; };
		4D1A8D0326B3AF1B3CC7F1C4 /* ../../Source/Tests/jura_framework/UnitTestsMisc.cpp */ = {isa = PBXBuildFile; fileRef = 52F605616963FE387E979E03; };
		4E3494882786DE44E08BCFB6 /* ../../JuceLibraryCode/include_juce_gui_basics.mm */ = {isa = PBXBuildFile; fileRef = 1F3489F78C8F423E5835A1BF; };
		52211D93A1BBC819E52FF137 /* ../../JuceLibraryCode/include_juce_audio_processors.mm */ = {isa = PBXBuildFile; fileRef = 90F3EB1D2788F8C68EBA26B2; };
		539CA7047D259E2FDD701DEC /* ../../JuceLibraryCode/include_juce_events.mm */ = {isa = PBXBuildFile; fileRef = 05A9F2DB04E7D33F82D8AF09; };
		55F9888FA58D9C8D3F8A43C9 /* ../../Source/Tests/jura_framework/UnitTestsParameter.cpp */ = {isa = PBXBuildFile; fileRef = C04999FBC117FB434F1FF99C; };
		59CDF8C70AED439AC61B8A42 /* App */ = {isa = PBXBuildFile; fileRef = AA97A8F8E2F871CB91263430; };
		5A499482D9D061C616AB3930 /* System/Library/Frameworks/IOKit.framework */ = {isa = PBXBuildFile; fileRef = 00B9192E479B6A170FDEE6A5; };
		5B0DC81E60427B6B72073F6E /* System/Library/Frameworks/QuartzCore.framework */ = {isa = PBXBuildFile; fileRef = E961945AE2F84A31CDF944D4; };
		5B63D1AD1473BC3703211914 /* ../../JuceLibraryCode/include_juce_video.mm */ = {isa = PBXBuildFile; fileRef = 897A71535B83100C4253C4AA; };
		6E03AE5BA4957D9AE009002B /* System/Library/Frameworks/Accelerate.framework */ = {isa = PBXBuildFile; fileRef = 9B4F865222B0B577F1C99C62; };
		75CD2D3FE56FB8A7E2DE6980 /* ../../Source/Tests/RAPT/Visualization/ImageProcessing/ImagePainterTests.cpp */ = {isa = PBXBuildFile; fileRef = 2A3598CF0EDB0C0925CB880E; };
		7BA309471DD3E36F5EDB54DE /* ../../JuceLibraryCode/include_juce_graphics.mm */ = {isa = PBXBuildFile; fileRef = 3DC768802F266AFADAD59F4F; };
		7F1810DBD9E840AD64FD2A4D /* RecentFilesMenuTemplate.nib */ = {isa = PBXBuildFile; fileRef = 193C13F517523C92E089B5BA; };
		843AB91BC0B0467C898E328C /* System/Library/Frameworks/Carbon.framework */ = {isa = PBXBuildFile; fileRef = 1F1B8914EFD22EDDB2DA3449; };
		849C962A819072C99D5621AD /* System/Library/Frameworks/CoreAudio.framework */ = {isa = PBXBuildFile; fileRef = B7B060A522E0798331050A3D; };
		870D82CE88753FC963F0B50F /* System/Library/Frameworks/CoreAudioKit.framework */ = {isa = PBXBuildFile; fileRef = 3070E1F60DF212534BADD37D; };
		8A5B9FAD144F5B8F62DE7585 /* ../../JuceLibraryCode/include_juce_core.mm */ = {isa = PBXBuildFile; fileRef = 6F04AC7051E2F9D041CFA06E; };
		8B3079AECCEDCE82E2D4E721 /* System/Library/Frameworks/WebKit.framework */ = {isa = PBXBuildFile; fileRef = D0922BE2D69B8A4F8FE54B5A; };
		AC2AB6D62B705F4A7DF583C7 /* ../../JuceLibraryCode/include_juce_audio_utils.mm */ = {isa = PBXBuildFile; fileRef = 2EEC521452932BC8FED82F31; };
		ACF6FA58E58B26469D414A24 /* ../../Source/Main.cpp */ = {isa = PBXBuildFile; fileRef = 9E0DB00ED0A1C79B94B9950C; };
		B6C1C7B07EB0A81C13CA2C7E /* ../../JuceLibraryCode/include_juce_cryptography.mm */ = {isa = PBXBuildFile; fileRef = 9CB273AC1387EFA81ADCAA43; };
		BE79F92C2EF6D308970F663B /* ../../Source/MainComponent.cpp */ = {isa = PBXBuildFile; fileRef = AD7E038C23F04FE2825CA492; };
		C3536DCE69A7ED790F0FCFCB /* ../../Source/Tests/RAPT/Tests.cpp */ = {isa = PBXBuildFile; fileRef = CF9628FABA5D8F48A9D2613F; };
		C60C18B37F3018CCC4663733 /* ../../JuceLibraryCode/include_jura_framework.cpp */ = {isa = PBXBuildFile; fileRef = 95700476FA1B7096E5F43C0D; };
		CC74ADE9B1F5304EDBA7D00F /* ../../JuceLibraryCode/include_rapt_templates.cpp */ = {isa = PBXBuildFile; fileRef = 27F1D7B93F27EF7FC715A2A6; };
		DE1D018A9B57DE35C07A6394 /* ../../JuceLibraryCode/include_juce_opengl.mm */ = {isa = PBXBuildFile; fileRef = 1CC59CED341BD0331FEC098B; };
		E19326A0EB005FA07558DA36 /* System/Library/Frameworks/DiscRecording.framework */ = {isa = PBXBuildFile; fileRef = D348E0AD4AA6AE128CB1754E; };
		E244DB3A7470C83FC6AAD382 /* System/Library/Frameworks/Foundation.framework */ = {isa = PBXBuildFile; fileRef = FD8D62BDC7553A7D467C6F89; };
		E53FAFE208170791D2EC3527 /* ../../JuceLibraryCode/include_romos.cpp */ = {isa = PBXBuildFile; fileRef = F5E0029FF9B088F22E3F0C52; };
		ED5578C259EE89D0ACADB621 /* ../../JuceLibraryCode/include_juce_audio_devices.mm */ = {isa = PBXBuildFile; fileRef = E2E397E906DFAA15A1326DA2; };
		F23AFFCA14E18BBA0EE90855 /* ../../JuceLibraryCode/include_juce_data_structures.mm */ = {isa = PBXBuildFile; fileRef = 734094F1A01EC0C3251A558F; };
		F52EAEBAE09073FE77A437CA /* ../../JuceLibraryCode/include_jura_processors.cpp */ = {isa = PBXBuildFile; fileRef = A7BD0FFA6A3FE118E80B9FD2; };
		F7F03905E1E4C00597DE4FF6 /* System/Library/Frameworks/AVFoundation.framework */ = {isa = PBXBuildFile; fileRef = E5B2660121776CD077C2C2E9; };
/* End PBXBuildFile section */

/* Begin PBXFileReference section */
		00B9192E479B6A170FDEE6A5 /* System/Library/Frameworks/IOKit.framework */ /* IOKit.framework */ = {isa = PBXFileReference; lastKnownFileType = wrapper.framework; name = IOKit.framework; path = System/Library/Frameworks/IOKit.framework; sourceTree = SDKROOT; };
		05A9F2DB04E7D33F82D8AF09 /* ../../JuceLibraryCode/include_juce_events.mm */ /* include_juce_events.mm */ = {isa = PBXFileReference; lastKnownFileType = sourcecode.cpp.objcpp; name = include_juce_events.mm; path = ../../JuceLibraryCode/include_juce_events.mm; sourceTree = SOURCE_ROOT; };
		06E879C23F496F774C8D9888 /* ~/JUCE/modules/juce_gui_basics */ /* juce_gui_basics */ = {isa = PBXFileReference; lastKnownFileType = folder; name = juce_gui_basics; path = "~/JUCE/modules/juce_gui_basics"; sourceTree = "<absolute>"; };
		188DEBA6F3E3AFD1B495FE70 /* ../../Source/Tests/jura_processors/UnitTestsToolChain.h */ /* UnitTestsToolChain.h */ = {isa = PBXFileReference; lastKnownFileType = sourcecode.c.h; name = UnitTestsToolChain.h; path = ../../Source/Tests/jura_processors/UnitTestsToolChain.h; sourceTree = SOURCE_ROOT; };
		193C13F517523C92E089B5BA /* RecentFilesMenuTemplate.nib */ /* RecentFilesMenuTemplate.nib */ = {isa = PBXFileReference; lastKnownFileType = file.nib; name = RecentFilesMenuTemplate.nib; path = RecentFilesMenuTemplate.nib; sourceTree = SOURCE_ROOT; };
		19E3FE7914F4E0FDA2F675BD /* ../../JuceLibraryCode/include_rapt.cpp */ /* include_rapt.cpp */ = {isa = PBXFileReference; lastKnownFileType = sourcecode.cpp.cpp; name = include_rapt.cpp; path = ../../JuceLibraryCode/include_rapt.cpp; sourceTree = SOURCE_ROOT; };
		1B9A9A15552FF2358069C8B6 /* ~/modules/rosic */ /* rosic */ = {isa = PBXFileReference; lastKnownFileType = folder; name = rosic; path = "~/modules/rosic"; sourceTree = "<absolute>"; };
		1CC59CED341BD0331FEC098B /* ../../JuceLibraryCode/include_juce_opengl.mm */ /* include_juce_opengl.mm */ = {isa = PBXFileReference; lastKnownFileType = sourcecode.cpp.objcpp; name = include_juce_opengl.mm; path = ../../JuceLibraryCode/include_juce_opengl.mm; sourceTree = SOURCE_ROOT; };
		1F1B8914EFD22EDDB2DA3449 /* System/Library/Frameworks/Carbon.framework */ /* Carbon.framework */ = {isa = PBXFileReference; lastKnownFileType = wrapper.framework; name = Carbon.framework; path = System/Library/Frameworks/Carbon.framework; sourceTree = SDKROOT; };
		1F3489F78C8F423E5835A1BF /* ../../JuceLibraryCode/include_juce_gui_basics.mm */ /* include_juce_gui_basics.mm */ = {isa = PBXFileReference; lastKnownFileType = sourcecode.cpp.objcpp; name = include_juce_gui_basics.mm; path = ../../JuceLibraryCode/include_juce_gui_basics.mm; sourceTree = SOURCE_ROOT; };
		20D52DF4DBEDF4ABD6FAC036 /* ~/modules/rapt */ /* rapt */ = {isa = PBXFileReference; lastKnownFileType = folder; name = rapt; path = "~/modules/rapt"; sourceTree = "<absolute>"; };
		234D4212B66F4499D914658A /* ~/JUCE/modules/juce_audio_processors */ /* juce_audio_processors */ = {isa = PBXFileReference; lastKnownFileType = folder; name = juce_audio_processors; path = "~/JUCE/modules/juce_audio_processors"; sourceTree = "<absolute>"; };
		27F1D7B93F27EF7FC715A2A6 /* ../../JuceLibraryCode/include_rapt_templates.cpp */ /* include_rapt_templates.cpp */ = {isa = PBXFileReference; lastKnownFileType = sourcecode.cpp.cpp; name = include_rapt_templates.cpp; path = ../../JuceLibraryCode/include_rapt_templates.cpp; sourceTree = SOURCE_ROOT; };
		28CD141522499D2FFE935CC0 /* ~/JUCE/modules/juce_graphics */ /* juce_graphics */ = {isa = PBXFileReference; lastKnownFileType = folder; name = juce_graphics; path = "~/JUCE/modules/juce_graphics"; sourceTree = "<absolute>"; };
		2A3598CF0EDB0C0925CB880E /* ../../Source/Tests/RAPT/Visualization/ImageProcessing/ImagePainterTests.cpp */ /* ImagePainterTests.cpp */ = {isa = PBXFileReference; lastKnownFileType = sourcecode.cpp.cpp; name = ImagePainterTests.cpp; path = ../../Source/Tests/RAPT/Visualization/ImageProcessing/ImagePainterTests.cpp; sourceTree = SOURCE_ROOT; };
		2D2741E10F5CC5A770F5E6A0 /* ~/modules/jura_processors */ /* jura_processors */ = {isa = PBXFileReference; lastKnownFileType = folder; name = jura_processors; path = "~/modules/jura_processors"; sourceTree = "<absolute>"; };
		2EEC521452932BC8FED82F31 /* ../../JuceLibraryCode/include_juce_audio_utils.mm */ /* include_juce_audio_utils.mm */ = {isa = PBXFileReference; lastKnownFileType = sourcecode.cpp.objcpp; name = include_juce_audio_utils.mm; path = ../../JuceLibraryCode/include_juce_audio_utils.mm; sourceTree = SOURCE_ROOT; };
		3070E1F60DF212534BADD37D /* System/Library/Frameworks/CoreAudioKit.framework */ /* CoreAudioKit.framework */ = {isa = PBXFileReference; lastKnownFileType = wrapper.framework; name = CoreAudioKit.framework; path = System/Library/Frameworks/CoreAudioKit.framework; sourceTree = SDKROOT; };
		3DC768802F266AFADAD59F4F /* ../../JuceLibraryCode/include_juce_graphics.mm */ /* include_juce_graphics.mm */ = {isa = PBXFileReference; lastKnownFileType = sourcecode.cpp.objcpp; name = include_juce_graphics.mm; path = ../../JuceLibraryCode/include_juce_graphics.mm; sourceTree = SOURCE_ROOT; };
		41E5C027D5EA63BDF5916BB3 /* ../../Source/Tests/UnitTestsView.cpp */ /* UnitTestsView.cpp */ = {isa = PBXFileReference; lastKnownFileType = sourcecode.cpp.cpp; name = UnitTestsView.cpp; path = ../../Source/Tests/UnitTestsView.cpp; sourceTree = SOURCE_ROOT; };
		41E973585E20C1B49D2D24BF /* System/Library/Frameworks/AudioToolbox.framework */ /* AudioToolbox.framework */ = {isa = PBXFileReference; lastKnownFileType = wrapper.framework; name = AudioToolbox.framework; path = System/Library/Frameworks/AudioToolbox.framework; sourceTree = SDKROOT; };
		43158C049DC796E6264FC173 /* System/Library/Frameworks/CoreMedia.framework */ /* CoreMedia.framework */ = {isa = PBXFileReference; lastKnownFileType = wrapper.framework; name = CoreMedia.framework; path = System/Library/Frameworks/CoreMedia.framework; sourceTree = SDKROOT; };
		4873C1EE0FD9B5890F0C7912 /* ~/JUCE/modules/juce_data_structures */ /* juce_data_structures */ = {isa = PBXFileReference; lastKnownFileType = folder; name = juce_data_structures; path = "~/JUCE/modules/juce_data_structures"; sourceTree = "<absolute>"; };
		52F605616963FE387E979E03 /* ../../Source/Tests/jura_framework/UnitTestsMisc.cpp */ /* UnitTestsMisc.cpp */ = {isa = PBXFileReference; lastKnownFileType = sourcecode.cpp.cpp; name = UnitTestsMisc.cpp; path = ../../Source/Tests/jura_framework/UnitTestsMisc.cpp; sourceTree = SOURCE_ROOT; };
		5F52D12BEA1456E4D5388C71 /* ../../JuceLibraryCode/JuceHeader.h */ /* JuceHeader.h */ = {isa = PBXFileReference; lastKnownFileType = sourcecode.c.h; name = JuceHeader.h; path = ../../JuceLibraryCode/JuceHeader.h; sourceTree = SOURCE_ROOT; };
		630EFE825B1ADE1E53EE7995 /* ../../Source/Tests/UnitTestsView.h */ /* UnitTestsView.h */ = {isa = PBXFileReference; lastKnownFileType = sourcecode.c.h; name = UnitTestsView.h; path = ../../Source/Tests/UnitTestsView.h; sourceTree = SOURCE_ROOT; };
		6F04AC7051E2F9D041CFA06E /* ../../JuceLibraryCode/include_juce_core.mm */ /* include_juce_core.mm */ = {isa = PBXFileReference; lastKnownFileType = sourcecode.cpp.objcpp; name = include_juce_core.mm; path = ../../JuceLibraryCode/include_juce_core.mm; sourceTree = SOURCE_ROOT; };
		703D500ABCB1A7BA53F886DE /* ../../Source/Tests/RAPT/Tests.h */ /* Tests.h */ = {isa = PBXFileReference; lastKnownFileType = sourcecode.c.h; name = Tests.h; path = ../../Source/Tests/RAPT/Tests.h; sourceTree = SOURCE_ROOT; };
		734094F1A01EC0C3251A558F /* ../../JuceLibraryCode/include_juce_data_structures.mm */ /* include_juce_data_structures.mm */ = {isa = PBXFileReference; lastKnownFileType = sourcecode.cpp.objcpp; name = include_juce_data_structures.mm; path = ../../JuceLibraryCode/include_juce_data_structures.mm; sourceTree = SOURCE_ROOT; };
		7E9B1A729EDC7F8AB1662515 /* ~/JUCE/modules/juce_video */ /* juce_video */ = {isa = PBXFileReference; lastKnownFileType = folder; name = juce_video; path = "~/JUCE/modules/juce_video"; sourceTree = "<absolute>"; };
		7F8971BB8409D2C2189E86E7 /* ~/JUCE/modules/juce_cryptography */ /* juce_cryptography */ = {isa = PBXFileReference; lastKnownFileType = folder; name = juce_cryptography; path = "~/JUCE/modules/juce_cryptography"; sourceTree = "<absolute>"; };
		816546FA3058984973BDC266 /* ~/JUCE/modules/juce_audio_devices */ /* juce_audio_devices */ = {isa = PBXFileReference; lastKnownFileType = folder; name = juce_audio_devices; path = "~/JUCE/modules/juce_audio_devices"; sourceTree = "<absolute>"; };
		842F0872367FB9DA36869A49 /* ~/JUCE/modules/juce_audio_basics */ /* juce_audio_basics */ = {isa = PBXFileReference; lastKnownFileType = folder; name = juce_audio_basics; path = "~/JUCE/modules/juce_audio_basics"; sourceTree = "<absolute>"; };
		897A71535B83100C4253C4AA /* ../../JuceLibraryCode/include_juce_video.mm */ /* include_juce_video.mm */ = {isa = PBXFileReference; lastKnownFileType = sourcecode.cpp.objcpp; name = include_juce_video.mm; path = ../../JuceLibraryCode/include_juce_video.mm; sourceTree = SOURCE_ROOT; };
		8A2C747D3E6888BED53CA326 /* ../../Source/Tests/jura_framework/UnitTestsMisc.h */ /* UnitTestsMisc.h */ = {isa = PBXFileReference; lastKnownFileType = sourcecode.c.h; name = UnitTestsMisc.h; path = ../../Source/Tests/jura_framework/UnitTestsMisc.h; sourceTree = SOURCE_ROOT; };
		8B18B1A37C59B9DC3BCE1640 /* System/Library/Frameworks/OpenGL.framework */ /* OpenGL.framework */ = {isa = PBXFileReference; lastKnownFileType = wrapper.framework; name = OpenGL.framework; path = System/Library/Frameworks/OpenGL.framework; sourceTree = SDKROOT; };
		8BF72F927C5B840357DE1492 /* ../../Source/Tests/jura_framework/UnitTestsParameter.h */ /* UnitTestsParameter.h */ = {isa = PBXFileReference; lastKnownFileType = sourcecode.c.h; name = UnitTestsParameter.h; path = ../../Source/Tests/jura_framework/UnitTestsParameter.h; sourceTree = SOURCE_ROOT; };
		8C484F745DB009A1A366E360 /* System/Library/Frameworks/Cocoa.framework */ /* Cocoa.framework */ = {isa = PBXFileReference; lastKnownFileType = wrapper.framework; name = Cocoa.framework; path = System/Library/Frameworks/Cocoa.framework; sourceTree = SDKROOT; };
		90F3EB1D2788F8C68EBA26B2 /* ../../JuceLibraryCode/include_juce_audio_processors.mm */ /* include_juce_audio_processors.mm */ = {isa = PBXFileReference; lastKnownFileType = sourcecode.cpp.objcpp; name = include_juce_audio_processors.mm; path = ../../JuceLibraryCode/include_juce_audio_processors.mm; sourceTree = SOURCE_ROOT; };
		95416D4EACB77A340FB8BFB9 /* System/Library/Frameworks/CoreMIDI.framework */ /* CoreMIDI.framework */ = {isa = PBXFileReference; lastKnownFileType = wrapper.framework; name = CoreMIDI.framework; path = System/Library/Frameworks/CoreMIDI.framework; sourceTree = SDKROOT; };
		95700476FA1B7096E5F43C0D /* ../../JuceLibraryCode/include_jura_framework.cpp */ /* include_jura_framework.cpp */ = {isa = PBXFileReference; lastKnownFileType = sourcecode.cpp.cpp; name = include_jura_framework.cpp; path = ../../JuceLibraryCode/include_jura_framework.cpp; sourceTree = SOURCE_ROOT; };
		967D5A60F2E706E7DC2B3D31 /* ~/modules/romos */ /* romos */ = {isa = PBXFileReference; lastKnownFileType = folder; name = romos; path = "~/modules/romos"; sourceTree = "<absolute>"; };
		9B4F865222B0B577F1C99C62 /* System/Library/Frameworks/Accelerate.framework */ /* Accelerate.framework */ = {isa = PBXFileReference; lastKnownFileType = wrapper.framework; name = Accelerate.framework; path = System/Library/Frameworks/Accelerate.framework; sourceTree = SDKROOT; };
		9CB273AC1387EFA81ADCAA43 /* ../../JuceLibraryCode/include_juce_cryptography.mm */ /* include_juce_cryptography.mm */ = {isa = PBXFileReference; lastKnownFileType = sourcecode.cpp.objcpp; name = include_juce_cryptography.mm; path = ../../JuceLibraryCode/include_juce_cryptography.mm; sourceTree = SOURCE_ROOT; };
		9E0DB00ED0A1C79B94B9950C /* ../../Source/Main.cpp */ /* Main.cpp */ = {isa = PBXFileReference; lastKnownFileType = sourcecode.cpp.cpp; name = Main.cpp; path = ../../Source/Main.cpp; sourceTree = SOURCE_ROOT; };
		A1CFC78E64C57D9865B61ABC /* ~/modules/jura_framework */ /* jura_framework */ = {isa = PBXFileReference; lastKnownFileType = folder; name = jura_framework; path = "~/modules/jura_framework"; sourceTree = "<absolute>"; };
		A7BD0FFA6A3FE118E80B9FD2 /* ../../JuceLibraryCode/include_jura_processors.cpp */ /* include_jura_processors.cpp */ = {isa = PBXFileReference; lastKnownFileType = sourcecode.cpp.cpp; name = include_jura_processors.cpp; path = ../../JuceLibraryCode/include_jura_processors.cpp; sourceTree = SOURCE_ROOT; };
		AA97A8F8E2F871CB91263430 /* App */ = {isa = PBXFileReference; explicitFileType = wrapper.application; includeInIndex = 0; path = TestAppJURA.app; sourceTree = BUILT_PRODUCTS_DIR; };
		AB83FF25D01D2280B872EB64 /* ../../JuceLibraryCode/AppConfig.h */ /* AppConfig.h */ = {isa = PBXFileReference; lastKnownFileType = sourcecode.c.h; name = AppConfig.h; path = ../../JuceLibraryCode/AppConfig.h; sourceTree = SOURCE_ROOT; };
		AC2111A554DD26BDB64A63E5 /* ../../Source/Tests/jura_framework/UnitTestsModulation.cpp */ /* UnitTestsModulation.cpp */ = {isa = PBXFileReference; lastKnownFileType = sourcecode.cpp.cpp; name = UnitTestsModulation.cpp; path = ../../Source/Tests/jura_framework/UnitTestsModulation.cpp; sourceTree = SOURCE_ROOT; };
		AD7E038C23F04FE2825CA492 /* ../../Source/MainComponent.cpp */ /* MainComponent.cpp */ = {isa = PBXFileReference; lastKnownFileType = sourcecode.cpp.cpp; name = MainComponent.cpp; path = ../../Source/MainComponent.cpp; sourceTree = SOURCE_ROOT; };
		ADBA14FE3484EA6A97BDAF6C /* ../../Source/Tests/jura_framework/UnitTestsModulation.h */ /* UnitTestsModulation.h */ = {isa = PBXFileReference; lastKnownFileType = sourcecode.c.h; name = UnitTestsModulation.h; path = ../../Source/Tests/jura_framework/UnitTestsModulation.h; sourceTree = SOURCE_ROOT; };
		B5C75B5043C3A8DC0A551D10 /* Info-App.plist */ /* Info-App.plist */ = {isa = PBXFileReference; lastKnownFileType = text.plist.xml; name = "Info-App.plist"; path = "Info-App.plist"; sourceTree = SOURCE_ROOT; };
		B7B060A522E0798331050A3D /* System/Library/Frameworks/CoreAudio.framework */ /* CoreAudio.framework */ = {isa = PBXFileReference; lastKnownFileType = wrapper.framework; name = CoreAudio.framework; path = System/Library/Frameworks/CoreAudio.framework; sourceTree = SDKROOT; };
		C04999FBC117FB434F1FF99C /* ../../Source/Tests/jura_framework/UnitTestsParameter.cpp */ /* UnitTestsParameter.cpp */ = {isa = PBXFileReference; lastKnownFileType = sourcecode.cpp.cpp; name = UnitTestsParameter.cpp; path = ../../Source/Tests/jura_framework/UnitTestsParameter.cpp; sourceTree = SOURCE_ROOT; };
		C054D4912E278EF5781D1075 /* ../../Source/Tests/jura_processors/UnitTestsToolChain.cpp */ /* UnitTestsToolChain.cpp */ = {isa = PBXFileReference; lastKnownFileType = sourcecode.cpp.cpp; name = UnitTestsToolChain.cpp; path = ../../Source/Tests/jura_processors/UnitTestsToolChain.cpp; sourceTree = SOURCE_ROOT; };
		C3EA6CE61D27D6A1A140D4FD /* ~/JUCE/modules/juce_audio_formats */ /* juce_audio_formats */ = {isa = PBXFileReference; lastKnownFileType = folder; name = juce_audio_formats; path = "~/JUCE/modules/juce_audio_formats"; sourceTree = "<absolute>"; };
		C4A073A7A37CF92DA4CAA96B /* ~/JUCE/modules/juce_audio_utils */ /* juce_audio_utils */ = {isa = PBXFileReference; lastKnownFileType = folder; name = juce_audio_utils; path = "~/JUCE/modules/juce_audio_utils"; sourceTree = "<absolute>"; };
		CB097EBCDA90660D1A5F90D6 /* ~/JUCE/modules/juce_gui_extra */ /* juce_gui_extra */ = {isa = PBXFileReference; lastKnownFileType = folder; name = juce_gui_extra; path = "~/JUCE/modules/juce_gui_extra"; sourceTree = "<absolute>"; };
		CF9628FABA5D8F48A9D2613F /* ../../Source/Tests/RAPT/Tests.cpp */ /* Tests.cpp */ = {isa = PBXFileReference; lastKnownFileType = sourcecode.cpp.cpp; name = Tests.cpp; path = ../../Source/Tests/RAPT/Tests.cpp; sourceTree = SOURCE_ROOT; };
		D0922BE2D69B8A4F8FE54B5A /* System/Library/Frameworks/WebKit.framework */ /* WebKit.framework */ = {isa = PBXFileReference; lastKnownFileType = wrapper.framework; name = WebKit.framework; path = System/Library/Frameworks/WebKit.framework; sourceTree = SDKROOT; };
		D348E0AD4AA6AE128CB1754E /* System/Library/Frameworks/DiscRecording.framework */ /* DiscRecording.framework */ = {isa = PBXFileReference; lastKnownFileType = wrapper.framework; name = DiscRecording.framework; path = System/Library/Frameworks/DiscRecording.framework; sourceTree = SDKROOT; };
		D4E1BF4A07EF30EF16D0104A /* ../../JuceLibraryCode/include_juce_audio_formats.mm */ /* include_juce_audio_formats.mm */ = {isa = PBXFileReference; lastKnownFileType = sourcecode.cpp.objcpp; name = include_juce_audio_formats.mm; path = ../../JuceLibraryCode/include_juce_audio_formats.mm; sourceTree = SOURCE_ROOT; };
		E165006DE5C94258A575482A /* ../../JuceLibraryCode/include_rosic.cpp */ /* include_rosic.cpp */ = {isa = PBXFileReference; lastKnownFileType = sourcecode.cpp.cpp; name = include_rosic.cpp; path = ../../JuceLibraryCode/include_rosic.cpp; sourceTree = SOURCE_ROOT; };
		E2E397E906DFAA15A1326DA2 /* ../../JuceLibraryCode/include_juce_audio_devices.mm */ /* include_juce_audio_devices.mm */ = {isa = PBXFileReference; lastKnownFileType = sourcecode.cpp.objcpp; name = include_juce_audio_devices.mm; path = ../../JuceLibraryCode/include_juce_audio_devices.mm; sourceTree = SOURCE_ROOT; };
		E340249C5CCA7FCEC5F8C03A /* System/Library/Frameworks/AVKit.framework */ /* AVKit.framework */ = {isa = PBXFileReference; lastKnownFileType = wrapper.framework; name = AVKit.framework; path = System/Library/Frameworks/AVKit.framework; sourceTree = SDKROOT; };
		E5B2660121776CD077C2C2E9 /* System/Library/Frameworks/AVFoundation.framework */ /* AVFoundation.framework */ = {isa = PBXFileReference; lastKnownFileType = wrapper.framework; name = AVFoundation.framework; path = System/Library/Frameworks/AVFoundation.framework; sourceTree = SDKROOT; };
		E78C68BA4C1B0DFC207B3F9C /* ../../JuceLibraryCode/include_juce_gui_extra.mm */ /* include_juce_gui_extra.mm */ = {isa = PBXFileReference; lastKnownFileType = sourcecode.cpp.objcpp; name = include_juce_gui_extra.mm; path = ../../JuceLibraryCode/include_juce_gui_extra.mm; sourceTree = SOURCE_ROOT; };
		E961945AE2F84A31CDF944D4 /* System/Library/Frameworks/QuartzCore.framework */ /* QuartzCore.framework */ = {isa = PBXFileReference; lastKnownFileType = wrapper.framework; name = QuartzCore.framework; path = System/Library/Frameworks/QuartzCore.framework; sourceTree = SDKROOT; };
		EA9759196B126F012A614932 /* ~/JUCE/modules/juce_opengl */ /* juce_opengl */ = {isa = PBXFileReference; lastKnownFileType = folder; name = juce_opengl; path = "~/JUCE/modules/juce_opengl"; sourceTree = "<absolute>"; };
		EB49974B99787C6E8ACA36AD /* ~/JUCE/modules/juce_core */ /* juce_core */ = {isa = PBXFileReference; lastKnownFileType = folder; name = juce_core; path = "~/JUCE/modules/juce_core"; sourceTree = "<absolute>"; };
		EC11A37B81532D9E4174AD83 /* ../../JuceLibraryCode/include_juce_audio_basics.mm */ /* include_juce_audio_basics.mm */ = {isa = PBXFileReference; lastKnownFileType = sourcecode.cpp.objcpp; name = include_juce_audio_basics.mm; path = ../../JuceLibraryCode/include_juce_audio_basics.mm; sourceTree = SOURCE_ROOT; };
		EED4441BF82D03F37DB31173 /* ../../Source/Tests/RAPT/Visualization/ImageProcessing/ImagePainterTests.h */ /* ImagePainterTests.h */ = {isa = PBXFileReference; lastKnownFileType = sourcecode.c.h; name = ImagePainterTests.h; path = ../../Source/Tests/RAPT/Visualization/ImageProcessing/ImagePainterTests.h; sourceTree = SOURCE_ROOT; };
		F3B5B18759825CEFAA1A5943 /* ~/JUCE/modules/juce_events */ /* juce_events */ = {isa = PBXFileReference; lastKnownFileType = folder; name = juce_events; path = "~/JUCE/modules/juce_events"; sourceTree = "<absolute>"; };
		F5E0029FF9B088F22E3F0C52 /* ../../JuceLibraryCode/include_romos.cpp */ /* include_romos.cpp */ = {isa = PBXFileReference; lastKnownFileType = sourcecode.cpp.cpp; name = include_romos.cpp; path = ../../JuceLibraryCode/include_romos.cpp; sourceTree = SOURCE_ROOT; };
		FD8D62BDC7553A7D467C6F89 /* System/Library/Frameworks/Foundation.framework */ /* Foundation.framework */ = {isa = PBXFileReference; lastKnownFileType = wrapper.framework; name = Foundation.framework; path = System/Library/Frameworks/Foundation.framework; sourceTree = SDKROOT; };
/* End PBXFileReference section */

/* Begin PBXFrameworksBuildPhase section */
		48958F72B252FCBD937354F8 = {
			isa = PBXFrameworksBuildPhase;
			buildActionMask = 2147483647;
			files = (
				6E03AE5BA4957D9AE009002B,
				47E32C6EC8568E2B43321D43,
				F7F03905E1E4C00597DE4FF6,
				178226FD8A044B5B67D5DFC9,
				843AB91BC0B0467C898E328C,
				44810EE21C9BD652CCC4E676,
				849C962A819072C99D5621AD,
				870D82CE88753FC963F0B50F,
				37399C074D8C302C99A01668,
				2EDBEE40608179BAD566310E,
				E19326A0EB005FA07558DA36,
				E244DB3A7470C83FC6AAD382,
				5A499482D9D061C616AB3930,
				21AF25FE4233BAC8D7E3FEFB,
				5B0DC81E60427B6B72073F6E,
				8B3079AECCEDCE82E2D4E721,
			);
			runOnlyForDeploymentPostprocessing = 0;
		};
/* End PBXFrameworksBuildPhase section */

/* Begin PBXGroup section */
		0F251C73B271FE0D5B59B354 /* jura_processors */ = {
			isa = PBXGroup;
			children = (
				C054D4912E278EF5781D1075,
				188DEBA6F3E3AFD1B495FE70,
			);
			name = jura_processors;
			sourceTree = "<group>";
		};
		122080E7A9812D31C273BD87 /* Tests */ = {
			isa = PBXGroup;
			children = (
				F44C4BFC49E4D5BCE5C1C1E3,
				0F251C73B271FE0D5B59B354,
				2302B4F69C4B40E1857644DA,
				41E5C027D5EA63BDF5916BB3,
				630EFE825B1ADE1E53EE7995,
			);
			name = Tests;
			sourceTree = "<group>";
		};
		2028ACBF6D92C4029068EDA1 /* Visualization */ = {
			isa = PBXGroup;
			children = (
				B138796B00A162B0A5473FB1,
			);
			name = Visualization;
			sourceTree = "<group>";
		};
		2302B4F69C4B40E1857644DA /* RAPT */ = {
			isa = PBXGroup;
			children = (
				2028ACBF6D92C4029068EDA1,
				CF9628FABA5D8F48A9D2613F,
				703D500ABCB1A7BA53F886DE,
			);
			name = RAPT;
			sourceTree = "<group>";
		};
		4BE4F09B7D0614DC044299FA /* Resources */ = {
			isa = PBXGroup;
			children = (
				B5C75B5043C3A8DC0A551D10,
				193C13F517523C92E089B5BA,
			);
			name = Resources;
			sourceTree = "<group>";
		};
		5A52812561ECE794CB2C5CD8 /* Source */ = {
			isa = PBXGroup;
			children = (
				122080E7A9812D31C273BD87,
				AD7E038C23F04FE2825CA492,
				9E0DB00ED0A1C79B94B9950C,
			);
			name = Source;
			sourceTree = "<group>";
		};
		65362CF4ED7E480120A82EBE /* Source */ = {
			isa = PBXGroup;
			children = (
				8108193FE46BC8E251E589DA,
				DD02BEA53D85F8A1F7479B9B,
				8DEFA167A20AF6293AF70BEE,
				4BE4F09B7D0614DC044299FA,
				6890C34426FC7D024994E20A,
				DCEB4EB4307E66F49984D740,
			);
			name = Source;
			sourceTree = "<group>";
		};
		6890C34426FC7D024994E20A /* Frameworks */ = {
			isa = PBXGroup;
			children = (
				9B4F865222B0B577F1C99C62,
				41E973585E20C1B49D2D24BF,
				E5B2660121776CD077C2C2E9,
				E340249C5CCA7FCEC5F8C03A,
				1F1B8914EFD22EDDB2DA3449,
				8C484F745DB009A1A366E360,
				B7B060A522E0798331050A3D,
				3070E1F60DF212534BADD37D,
				43158C049DC796E6264FC173,
				95416D4EACB77A340FB8BFB9,
				D348E0AD4AA6AE128CB1754E,
				FD8D62BDC7553A7D467C6F89,
				00B9192E479B6A170FDEE6A5,
				8B18B1A37C59B9DC3BCE1640,
				E961945AE2F84A31CDF944D4,
				D0922BE2D69B8A4F8FE54B5A,
			);
			name = Frameworks;
			sourceTree = "<group>";
		};
		8108193FE46BC8E251E589DA /* TestAppJURA */ = {
			isa = PBXGroup;
			children = (
				5A52812561ECE794CB2C5CD8,
			);
			name = TestAppJURA;
			sourceTree = "<group>";
		};
		8DEFA167A20AF6293AF70BEE /* JUCE Library Code */ = {
			isa = PBXGroup;
			children = (
				AB83FF25D01D2280B872EB64,
				EC11A37B81532D9E4174AD83,
				E2E397E906DFAA15A1326DA2,
				D4E1BF4A07EF30EF16D0104A,
				90F3EB1D2788F8C68EBA26B2,
				2EEC521452932BC8FED82F31,
				6F04AC7051E2F9D041CFA06E,
				9CB273AC1387EFA81ADCAA43,
				734094F1A01EC0C3251A558F,
				05A9F2DB04E7D33F82D8AF09,
				3DC768802F266AFADAD59F4F,
				1F3489F78C8F423E5835A1BF,
				E78C68BA4C1B0DFC207B3F9C,
				1CC59CED341BD0331FEC098B,
				897A71535B83100C4253C4AA,
				95700476FA1B7096E5F43C0D,
				A7BD0FFA6A3FE118E80B9FD2,
				19E3FE7914F4E0FDA2F675BD,
				27F1D7B93F27EF7FC715A2A6,
				F5E0029FF9B088F22E3F0C52,
				E165006DE5C94258A575482A,
				5F52D12BEA1456E4D5388C71,
			);
			name = "JUCE Library Code";
			sourceTree = "<group>";
		};
		B138796B00A162B0A5473FB1 /* ImageProcessing */ = {
			isa = PBXGroup;
			children = (
				2A3598CF0EDB0C0925CB880E,
				EED4441BF82D03F37DB31173,
			);
			name = ImageProcessing;
			sourceTree = "<group>";
		};
		DCEB4EB4307E66F49984D740 /* Products */ = {
			isa = PBXGroup;
			children = (
				AA97A8F8E2F871CB91263430,
			);
			name = Products;
			sourceTree = "<group>";
		};
		DD02BEA53D85F8A1F7479B9B /* JUCE Modules */ = {
			isa = PBXGroup;
			children = (
				842F0872367FB9DA36869A49,
				816546FA3058984973BDC266,
				C3EA6CE61D27D6A1A140D4FD,
				234D4212B66F4499D914658A,
				C4A073A7A37CF92DA4CAA96B,
				EB49974B99787C6E8ACA36AD,
				7F8971BB8409D2C2189E86E7,
				4873C1EE0FD9B5890F0C7912,
				F3B5B18759825CEFAA1A5943,
				28CD141522499D2FFE935CC0,
				06E879C23F496F774C8D9888,
				CB097EBCDA90660D1A5F90D6,
				EA9759196B126F012A614932,
				7E9B1A729EDC7F8AB1662515,
				A1CFC78E64C57D9865B61ABC,
				2D2741E10F5CC5A770F5E6A0,
				20D52DF4DBEDF4ABD6FAC036,
				967D5A60F2E706E7DC2B3D31,
				1B9A9A15552FF2358069C8B6,
			);
			name = "JUCE Modules";
			sourceTree = "<group>";
		};
		F44C4BFC49E4D5BCE5C1C1E3 /* jura_framework */ = {
			isa = PBXGroup;
			children = (
				52F605616963FE387E979E03,
				8A2C747D3E6888BED53CA326,
				AC2111A554DD26BDB64A63E5,
				ADBA14FE3484EA6A97BDAF6C,
				C04999FBC117FB434F1FF99C,
				8BF72F927C5B840357DE1492,
			);
			name = jura_framework;
			sourceTree = "<group>";
		};
/* End PBXGroup section */

/* Begin PBXNativeTarget section */
		6191CB9C01323BAC470C8A57 /* TestAppJURA - App */ = {
			isa = PBXNativeTarget;
			buildConfigurationList = 1384020EDACAFA9D8F051606;
			buildPhases = (
				238E0D9456EC7CDDDAFAFBAE,
				72E4586FC00AF62C7CCB42EC,
				48958F72B252FCBD937354F8,
			);
			buildRules = (
			);
			dependencies = (
			);
			name = "TestAppJURA - App";
			productName = TestAppJURA;
			productReference = AA97A8F8E2F871CB91263430;
			productType = "com.apple.product-type.application";
		};
/* End PBXNativeTarget section */

/* Begin PBXProject section */
		68DD1B8F9EAEE67A1214097D = {
			isa = PBXProject;
			attributes = {
				LastUpgradeCheck = 1240;
				ORGANIZATIONNAME = "RS-MET";
				TargetAttributes = {
					6191CB9C01323BAC470C8A57 = {
						SystemCapabilities = {
							com.apple.ApplicationGroups.iOS = {
								enabled = 0;
							};
							com.apple.HardenedRuntime = {
								enabled = 0;
							};
							com.apple.InAppPurchase = {
								enabled = 0;
							};
							com.apple.InterAppAudio = {
								enabled = 0;
							};
							com.apple.Push = {
								enabled = 0;
							};
							com.apple.Sandbox = {
								enabled = 0;
							};
						};
					};
				};
			};
			buildConfigurationList = 1FE022909660CDED9F932750;
			compatibilityVersion = "Xcode 3.2";
			hasScannedForEncodings = 0;
			knownRegions = (
				en,
				Base,
			);
			mainGroup = 65362CF4ED7E480120A82EBE;
			projectDirPath = "";
			projectRoot = "";
			targets = (
				6191CB9C01323BAC470C8A57,
			);
		};
/* End PBXProject section */

/* Begin PBXResourcesBuildPhase section */
		238E0D9456EC7CDDDAFAFBAE = {
			isa = PBXResourcesBuildPhase;
			buildActionMask = 2147483647;
			files = (
				7F1810DBD9E840AD64FD2A4D,
			);
			runOnlyForDeploymentPostprocessing = 0;
		};
/* End PBXResourcesBuildPhase section */

/* Begin PBXSourcesBuildPhase section */
		72E4586FC00AF62C7CCB42EC = {
			isa = PBXSourcesBuildPhase;
			buildActionMask = 2147483647;
			files = (
				4D1A8D0326B3AF1B3CC7F1C4,
				34AFE236D4026C49F8A1C791,
				55F9888FA58D9C8D3F8A43C9,
				1B76BC5C6BA77167E40B28E7,
				75CD2D3FE56FB8A7E2DE6980,
				C3536DCE69A7ED790F0FCFCB,
				3F1B73EBFF57234D61640C22,
				BE79F92C2EF6D308970F663B,
				ACF6FA58E58B26469D414A24,
				2572A2972B136428D5D8FC58,
				ED5578C259EE89D0ACADB621,
				10149D95B6BD77F0CBF8AF09,
				52211D93A1BBC819E52FF137,
				AC2AB6D62B705F4A7DF583C7,
				8A5B9FAD144F5B8F62DE7585,
				B6C1C7B07EB0A81C13CA2C7E,
				F23AFFCA14E18BBA0EE90855,
				539CA7047D259E2FDD701DEC,
				7BA309471DD3E36F5EDB54DE,
				4E3494882786DE44E08BCFB6,
				290FE3C48447C7A7B76B489E,
				DE1D018A9B57DE35C07A6394,
				5B63D1AD1473BC3703211914,
				C60C18B37F3018CCC4663733,
				F52EAEBAE09073FE77A437CA,
				2817BBBB8BE954C23555BE1C,
				CC74ADE9B1F5304EDBA7D00F,
				E53FAFE208170791D2EC3527,
				05D163E2C7772901DB2D722B,
			);
			runOnlyForDeploymentPostprocessing = 0;
		};
/* End PBXSourcesBuildPhase section */

/* Begin XCBuildConfiguration section */
		3D8A336EC22FDBF723F397F4 /* Debug */ = {
			isa = XCBuildConfiguration;
			buildSettings = {
				ALWAYS_SEARCH_USER_PATHS = NO;
				CLANG_ENABLE_OBJC_WEAK = YES;
				CLANG_WARN_BLOCK_CAPTURE_AUTORELEASING = YES;
				CLANG_WARN_BOOL_CONVERSION = YES;
				CLANG_WARN_COMMA = YES;
				CLANG_WARN_CONSTANT_CONVERSION = YES;
				CLANG_WARN_DEPRECATED_OBJC_IMPLEMENTATIONS = YES;
				CLANG_WARN_EMPTY_BODY = YES;
				CLANG_WARN_ENUM_CONVERSION = YES;
				CLANG_WARN_INFINITE_RECURSION = YES;
				CLANG_WARN_INT_CONVERSION = YES;
				CLANG_WARN_NON_LITERAL_NULL_CONVERSION = YES;
				CLANG_WARN_OBJC_IMPLICIT_RETAIN_SELF = YES;
				CLANG_WARN_OBJC_LITERAL_CONVERSION = YES;
				CLANG_WARN_RANGE_LOOP_ANALYSIS = YES;
				CLANG_WARN_STRICT_PROTOTYPES = YES;
				CLANG_WARN_SUSPICIOUS_MOVE = YES;
				CLANG_WARN_UNREACHABLE_CODE = YES;
				CLANG_WARN__DUPLICATE_METHOD_MATCH = YES;
				CODE_SIGN_IDENTITY = "";
				DEBUG_INFORMATION_FORMAT = dwarf;
				ENABLE_STRICT_OBJC_MSGSEND = YES;
				ENABLE_TESTABILITY = NO;
				GCC_C_LANGUAGE_STANDARD = c11;
				GCC_INLINES_ARE_PRIVATE_EXTERN = YES;
				GCC_MODEL_TUNING = G5;
				GCC_NO_COMMON_BLOCKS = YES;
				GCC_SYMBOLS_PRIVATE_EXTERN = YES;
				GCC_WARN_64_TO_32_BIT_CONVERSION = YES;
				GCC_WARN_ABOUT_RETURN_TYPE = YES;
				GCC_WARN_CHECK_SWITCH_STATEMENTS = YES;
				GCC_WARN_MISSING_PARENTHESES = YES;
				GCC_WARN_NON_VIRTUAL_DESTRUCTOR = YES;
				GCC_WARN_TYPECHECK_CALLS_TO_PRINTF = YES;
				GCC_WARN_UNDECLARED_SELECTOR = YES;
				GCC_WARN_UNINITIALIZED_AUTOS = YES;
				GCC_WARN_UNUSED_FUNCTION = YES;
				GCC_WARN_UNUSED_VARIABLE = YES;
				ONLY_ACTIVE_ARCH = YES;
				PRODUCT_NAME = "TestAppJURA";
				SDKROOT = macosx;
				WARNING_CFLAGS = "-Wreorder";
				ZERO_LINK = NO;
			};
			name = Debug;
		};
		7B1769BC3D71F74A6894E027 /* Release */ = {
			isa = XCBuildConfiguration;
			buildSettings = {
				CLANG_CXX_LANGUAGE_STANDARD = "c++11";
				CLANG_CXX_LIBRARY = "libc++";
				CLANG_LINK_OBJC_RUNTIME = NO;
				CODE_SIGN_IDENTITY = "";
				COMBINE_HIDPI_IMAGES = YES;
				CONFIGURATION_BUILD_DIR = "$(PROJECT_DIR)/build/$(CONFIGURATION)";
				DEAD_CODE_STRIPPING = YES;
				GCC_GENERATE_DEBUGGING_SYMBOLS = NO;
				GCC_OPTIMIZATION_LEVEL = 3;
				GCC_PREPROCESSOR_DEFINITIONS = (
					"_NDEBUG=1",
					"NDEBUG=1",
					"JUCER_XCODE_MAC_F6D2F4CF=1",
					"JUCE_APP_VERSION=1.0.0",
					"JUCE_APP_VERSION_HEX=0x10000",
					"JucePlugin_Build_VST=0",
					"JucePlugin_Build_VST3=0",
					"JucePlugin_Build_AU=0",
					"JucePlugin_Build_AUv3=0",
					"JucePlugin_Build_RTAS=0",
					"JucePlugin_Build_AAX=0",
					"JucePlugin_Build_Standalone=0",
					"JucePlugin_Build_Unity=0",
				);
				GCC_VERSION = com.apple.compilers.llvm.clang.1_0;
				HEADER_SEARCH_PATHS = (
					"$(SRCROOT)/../../JuceLibraryCode",
					"$(SRCROOT)/~/JUCE/modules",
					"$(SRCROOT)/~/modules",
					"$(inherited)",
				);
				INFOPLIST_FILE = Info-App.plist;
				INFOPLIST_PREPROCESS = NO;
				INSTALL_PATH = "$(HOME)/Applications";
				LLVM_LTO = YES;
				MACOSX_DEPLOYMENT_TARGET = 10.11;
				MTL_HEADER_SEARCH_PATHS = "$(SRCROOT)/../../JuceLibraryCode $(SRCROOT)/~/JUCE/modules $(SRCROOT)/~/modules";
				PRODUCT_BUNDLE_IDENTIFIER = com.yourcompany.TestAppJURA;
				PRODUCT_NAME = "TestAppJURA";
				USE_HEADERMAP = NO;
				VALIDATE_WORKSPACE_SKIPPED_SDK_FRAMEWORKS = OpenGL;
				VALID_ARCHS = "i386 x86_64 arm64 arm64e";
			};
			name = Release;
		};
		AFB63121D83D929B9924CD60 /* Debug */ = {
			isa = XCBuildConfiguration;
			buildSettings = {
				CLANG_CXX_LANGUAGE_STANDARD = "c++11";
				CLANG_CXX_LIBRARY = "libc++";
				CLANG_LINK_OBJC_RUNTIME = NO;
				CODE_SIGN_IDENTITY = "";
				COMBINE_HIDPI_IMAGES = YES;
				CONFIGURATION_BUILD_DIR = "$(PROJECT_DIR)/build/$(CONFIGURATION)";
				COPY_PHASE_STRIP = NO;
				GCC_DYNAMIC_NO_PIC = NO;
				GCC_OPTIMIZATION_LEVEL = 0;
				GCC_PREPROCESSOR_DEFINITIONS = (
					"_DEBUG=1",
					"DEBUG=1",
					"JUCER_XCODE_MAC_F6D2F4CF=1",
					"JUCE_APP_VERSION=1.0.0",
					"JUCE_APP_VERSION_HEX=0x10000",
					"JucePlugin_Build_VST=0",
					"JucePlugin_Build_VST3=0",
					"JucePlugin_Build_AU=0",
					"JucePlugin_Build_AUv3=0",
					"JucePlugin_Build_RTAS=0",
					"JucePlugin_Build_AAX=0",
					"JucePlugin_Build_Standalone=0",
					"JucePlugin_Build_Unity=0",
				);
				GCC_VERSION = com.apple.compilers.llvm.clang.1_0;
				HEADER_SEARCH_PATHS = (
					"$(SRCROOT)/../../JuceLibraryCode",
					"$(SRCROOT)/~/JUCE/modules",
					"$(SRCROOT)/~/modules",
					"$(inherited)",
				);
				INFOPLIST_FILE = Info-App.plist;
				INFOPLIST_PREPROCESS = NO;
				INSTALL_PATH = "$(HOME)/Applications";
				MACOSX_DEPLOYMENT_TARGET = 10.11;
				MTL_HEADER_SEARCH_PATHS = "$(SRCROOT)/../../JuceLibraryCode $(SRCROOT)/~/JUCE/modules $(SRCROOT)/~/modules";
				PRODUCT_BUNDLE_IDENTIFIER = com.yourcompany.TestAppJURA;
				PRODUCT_NAME = "TestAppJURA";
				USE_HEADERMAP = NO;
				VALIDATE_WORKSPACE_SKIPPED_SDK_FRAMEWORKS = OpenGL;
				VALID_ARCHS = "i386 x86_64 arm64 arm64e";
			};
			name = Debug;
		};
		F4649FE73461C46455DCFC0A /* Release */ = {
			isa = XCBuildConfiguration;
			buildSettings = {
				ALWAYS_SEARCH_USER_PATHS = NO;
				CLANG_ENABLE_OBJC_WEAK = YES;
				CLANG_WARN_BLOCK_CAPTURE_AUTORELEASING = YES;
				CLANG_WARN_BOOL_CONVERSION = YES;
				CLANG_WARN_COMMA = YES;
				CLANG_WARN_CONSTANT_CONVERSION = YES;
				CLANG_WARN_DEPRECATED_OBJC_IMPLEMENTATIONS = YES;
				CLANG_WARN_EMPTY_BODY = YES;
				CLANG_WARN_ENUM_CONVERSION = YES;
				CLANG_WARN_INFINITE_RECURSION = YES;
				CLANG_WARN_INT_CONVERSION = YES;
				CLANG_WARN_NON_LITERAL_NULL_CONVERSION = YES;
				CLANG_WARN_OBJC_IMPLICIT_RETAIN_SELF = YES;
				CLANG_WARN_OBJC_LITERAL_CONVERSION = YES;
				CLANG_WARN_RANGE_LOOP_ANALYSIS = YES;
				CLANG_WARN_STRICT_PROTOTYPES = YES;
				CLANG_WARN_SUSPICIOUS_MOVE = YES;
				CLANG_WARN_UNREACHABLE_CODE = YES;
				CLANG_WARN__DUPLICATE_METHOD_MATCH = YES;
				CODE_SIGN_IDENTITY = "";
				DEBUG_INFORMATION_FORMAT = dwarf;
				ENABLE_STRICT_OBJC_MSGSEND = YES;
				ENABLE_TESTABILITY = NO;
				GCC_C_LANGUAGE_STANDARD = c11;
				GCC_INLINES_ARE_PRIVATE_EXTERN = YES;
				GCC_MODEL_TUNING = G5;
				GCC_NO_COMMON_BLOCKS = YES;
				GCC_SYMBOLS_PRIVATE_EXTERN = YES;
				GCC_WARN_64_TO_32_BIT_CONVERSION = YES;
				GCC_WARN_ABOUT_RETURN_TYPE = YES;
				GCC_WARN_CHECK_SWITCH_STATEMENTS = YES;
				GCC_WARN_MISSING_PARENTHESES = YES;
				GCC_WARN_NON_VIRTUAL_DESTRUCTOR = YES;
				GCC_WARN_TYPECHECK_CALLS_TO_PRINTF = YES;
				GCC_WARN_UNDECLARED_SELECTOR = YES;
				GCC_WARN_UNINITIALIZED_AUTOS = YES;
				GCC_WARN_UNUSED_FUNCTION = YES;
				GCC_WARN_UNUSED_VARIABLE = YES;
				PRODUCT_NAME = "TestAppJURA";
				SDKROOT = macosx;
				WARNING_CFLAGS = "-Wreorder";
				ZERO_LINK = NO;
			};
			name = Release;
		};
/* End XCBuildConfiguration section */

/* Begin XCConfigurationList section */
		1384020EDACAFA9D8F051606 = {
			isa = XCConfigurationList;
			buildConfigurations = (
				AFB63121D83D929B9924CD60,
				7B1769BC3D71F74A6894E027,
			);
			defaultConfigurationIsVisible = 0;
			defaultConfigurationName = Debug;
		};
		1FE022909660CDED9F932750 = {
			isa = XCConfigurationList;
			buildConfigurations = (
				3D8A336EC22FDBF723F397F4,
				F4649FE73461C46455DCFC0A,
			);
			defaultConfigurationIsVisible = 0;
			defaultConfigurationName = Debug;
		};
/* End XCConfigurationList section */
	};
	rootObject = 68DD1B8F9EAEE67A1214097D /* Project object */;
}
